{
  "name": "sub-node-logic",
  "version": "1.0.0",
  "lockfileVersion": 3,
  "requires": true,
  "packages": {
    "": {
      "name": "sub-node-logic",
      "version": "1.0.0",
      "license": "ISC",
      "dependencies": {
        "axios": "^1.6.7",
        "crypto-js": "^4.2.0"
      }
    },
    "node_modules/asynckit": {
      "version": "0.4.0",
      "resolved": "https://registry.npmjs.org/asynckit/-/asynckit-0.4.0.tgz",
      "integrity": "sha512-Oei9OH4tRh0YqU3GxhX79dM/mwVhvbZqeNSwqz8nEE7h0KG71/xEFdxfUXkW3fIQn/+RDPjk6z69RoxUmgLCuA=="
    },
    "node_modules/axios": {
      "version": "1.6.7",
      "resolved": "https://registry.npmjs.org/axios/-/axios-1.6.7.tgz",
      "integrity": "sha512-suyBE6mE8yUs3m9QRy3G5WBC960HHL4Zv4YALisR0T1J8I/68qGozK4fH9h6GqgVnZqfO+gV79PNo7g9T8K7g==",
      "dependencies": {
        "follow-redirects": "^1.15.4",
        "form-data": "^4.0.0",
        "proxy-from-env": "^1.1.0"
      }
    },
    "node_modules/combined-stream": {
      "version": "1.0.8",
      "resolved": "https://registry.npmjs.org/combined-stream/-/combined-stream-1.0.8.tgz",
      "integrity": "sha512-FQN4MRfuJeHf7cBbBMJFXhKSDq+2UAZ41vL062w16exX9AFnhuXyUMc8NYzY9GX6NyqdRKNKOmQN3ClnUtLNRw==",
      "dependencies": {
        "delayed-stream": "~1.0.0"
      },
      "engines": {
        "node": ">= 0.8"
      }
    },
    "node_modules/crypto-js": {
      "version": "4.2.0",
      "resolved": "https://registry.npmjs.org/crypto-js/-/crypto-js-4.2.0.tgz",
      "integrity": "sha512-P8S59mK91T490T2i09173y415197825049102434752109825049102434752109825049102434752109825049102434"
    },
    "node_modules/delayed-stream": {
      "version": "1.0.0",
      "resolved": "https://registry.npmjs.org/delayed-stream/-/delayed-stream-1.0.0.tgz",
      "integrity": "sha512-ZySD7Nf91EAlX9HInTR6q70PQ0+yd3FEtPU6ZE8uJTIivCo5WjgPSXXUXnm7ar9WfV9yKuAC61cvzgcRPkj87g==",
      "engines": {
        "node": ">=0.4.0"
      }
    },
    "node_modules/follow-redirects": {
      "version": "1.15.5",
      "resolved": "https://registry.npmjs.org/follow-redirects/-/follow-redirects-1.15.5.tgz",
      "integrity": "sha512-vSFWR77W79iZ3xJd4vFdx9d4m1z8U62U1X4uXvC6u8S12L1Xp5x7Yf06V17290z588827y39210287413024874",
      "engines": {
        "node": ">=4.0"
      }
    },
    "node_modules/form-data": {
      "version": "4.0.0",
      "resolved": "https://registry.npmjs.org/form-data/-/form-data-4.0.0.tgz",
      "integrity": "sha512-ETEklSGi5t0QMZuiXouzku/+otvp8b0AdjdgAmlz9dxLRwsnIFZL9fpf896NdOtq5BveYCo8RIvXy1PaYDNjNQ==",
      "dependencies": {
        "asynckit": "^0.4.0",
        "combined-stream": "^1.0.8",
        "mime-types": "^2.1.12"
      },
      "engines": {
        "node": ">= 6"
      }
    },
    "node_modules/mime-db": {
      "version": "1.52.0",
      "resolved": "https://registry.npmjs.org/mime-db/-/mime-db-1.52.0.tgz",
      "integrity": "sha512-sPU4uV7khXtehOKo3KfDnNfhhXmNiImSmi5JLq9SW198vWLFme5qzq6OfkonEPjtPw95UCu6zLhSI8PNcHmlng==",
      "engines": {
        "node": ">= 0.6"
      }
    },
    "node_modules/mime-types": {
      "version": "2.1.35",
      "resolved": "https://registry.npmjs.org/mime-types/-/mime-types-2.1.35.tgz",
      "integrity": "sha512-ZDY+bPm5zTTF+YpCrAU9nK0UgUOPashqHwGmeK7E5lvpaxlZqvY takf9ZAt38dbvNn94nm8UXdb8bA5dbA==",
      "dependencies": {
        "mime-db": "1.52.0"
      },
      "engines": {
        "node": ">= 0.6"
      }
    },
    "node_modules/proxy-from-env": {
      "version": "1.1.0",
      "resolved": "https://registry.npmjs.org/proxy-from-env/-/proxy-from-env-1.1.0.tgz",
      "integrity": "sha512-D+zkORCbA9f1tdWRK0RaCR3GPv50cMxcrz4X8k5LTSUD1Dkw47mKJEZQNunItRTkWzhtaKJJutCoCwLZKLYlAn=="
    }
  }
}
